
Microsoft Visual Studio Solution File, Format Version 12.00
# Visual Studio 15
VisualStudioVersion = 15.0.28307.645
MinimumVisualStudioVersion = 10.0.40219.1
Project("{FAE04EC0-301F-11D3-BF4B-00C04F79EFBC}") = "RimlightArchive", "RimlightArchive\RimlightArchive.csproj", "{0AFE0252-93B7-4BC3-9200-E10C6EA74FDD}"
EndProject
Global
	GlobalSection(SolutionConfigurationPlatforms) = preSolution
		Debug|Any CPU = Debug|Any CPU
		Release|Any CPU = Release|Any CPU
	EndGlobalSection
	GlobalSection(ProjectConfigurationPlatforms) = postSolution
		{0AFE0252-93B7-4BC3-9200-E10C6EA74FDD}.Debug|Any CPU.ActiveCfg = Debug|Any CPU
		{0AFE0252-93B7-4BC3-9200-E10C6EA74FDD}.Debug|Any CPU.Build.0 = Debug|Any CPU
		{0AFE0252-93B7-4BC3-9200-E10C6EA74FDD}.Release|Any CPU.ActiveCfg = Release|Any CPU
		{0AFE0252-93B7-4BC3-9200-E10C6EA74FDD}.Release|Any CPU.Build.0 = Release|Any CPU
	EndGlobalSection
	GlobalSection(SolutionProperties) = preSolution
		HideSolutionNode = FALSE
	EndGlobalSection
	GlobalSection(ExtensibilityGlobals) = postSolution
		SolutionGuid = {5D7E2B04-A213-4FD9-9E03-E570A5A667E3}
	EndGlobalSection
EndGlobal
